# This file is autogenerated, do not edit; changes may be undone by the next 'dep ensure'.


[[projects]]
  branch = "master"
  digest = "1:6da51e5ec493ad2b44cb04129e2d0a068c8fb9bd6cb5739d199573558696bb94"
  name = "github.com/Azure/go-ansiterm"
  packages = [
    ".",
    "winterm",
  ]
  pruneopts = "UT"
  revision = "d6e3b3328b783f23731bc4d058875b0371ff8109"

[[projects]]
  digest = "1:d5e752c67b445baa5b6cb6f8aa706775c2aa8e41aca95a0c651520ff2c80361a"
  name = "github.com/Microsoft/go-winio"
  packages = [
    ".",
    "pkg/guid",
  ]
  pruneopts = "UT"
  revision = "6c72808b55902eae4c5943626030429ff20f3b63"
  version = "v0.4.14"

[[projects]]
  digest = "1:c207dfa669be7b9d3cf5ee51ba875978e55ca5905e386d50a030edba69c52f82"
  name = "github.com/Microsoft/hcsshim"
  packages = [
    ".",
    "internal/cow",
    "internal/hcs",
    "internal/hcserror",
    "internal/hns",
    "internal/interop",
    "internal/log",
    "internal/logfields",
    "internal/longpath",
    "internal/mergemaps",
    "internal/oc",
    "internal/safefile",
    "internal/schema1",
    "internal/schema2",
    "internal/timeout",
    "internal/vmcompute",
    "internal/wclayer",
    "osversion",
  ]
  pruneopts = "UT"
  revision = "b3f49c06ffaeef24d09c6c08ec8ec8425a0303e2"
  version = "v0.8.7"

[[projects]]
  digest = "1:cb501e7e4e77d76c85f163cdd97d2a9792d78c232badbd6b29838d872ccdb03c"
  name = "github.com/antchfx/xpath"
  packages = ["."]
  pruneopts = "UT"
  revision = "d9ad276609987dd73ce5cd7d6265fe82189b10b6"
  version = "v1.1.2"

[[projects]]
  digest = "1:7b39def5cc98d0c76b86cc7396b3b3a4413db80d2f8e7fee71c7e5ab3c3eafff"
  name = "github.com/apex/log"
  packages = ["."]
  pruneopts = "UT"
  revision = "295021f518f737dd0bfdca2c98136517703196b9"
  version = "v1.1.1"

[[projects]]
  branch = "master"
  digest = "1:4f9cfa61b9e37dd4900080e58b6af77a96f43e80ac89924cd2fd3b1dbd3569ed"
  name = "github.com/containerd/cgroups"
  packages = ["stats/v1"]
  pruneopts = "UT"
  revision = "fada802a7909d430bd17126fd6e4bbf5716f2bcd"

[[projects]]
  digest = "1:a17d6c0c17ee56c64e7b315c47e241ec0cd289560ab24341243b313cd143406a"
  name = "github.com/containerd/containerd"
  packages = [
    "archive",
    "errdefs",
    "log",
    "sys",
  ]
  pruneopts = "UT"
  revision = "ff48f57fc83a8c44cf4ad5d672424a98ba37ded6"
  version = "v1.3.2"

[[projects]]
  branch = "master"
  digest = "1:33d9066d4a56cf6de4e81e37d85758f46ea154e874503cd2a0bf7a8b934fa203"
  name = "github.com/containerd/continuity"
  packages = [
    "fs",
    "syscallx",
    "sysx",
  ]
  pruneopts = "UT"
  revision = "1097c8bae83b84cf3dfccfcc542e06c8c28ea3f4"

[[projects]]
  digest = "1:7cb4fdca4c251b3ef8027c90ea35f70c7b661a593b9eeae34753c65499098bb1"
  name = "github.com/cpuguy83/go-md2man"
  packages = ["md2man"]
  pruneopts = "UT"
  revision = "7762f7e404f8416dfa1d9bb6a8c192aa9acb4d19"
  version = "v1.0.10"

[[projects]]
  digest = "1:ec66ad050342a3573ed2f5a4337d51b4c6d5d2a717cc6c9ecf86b081235a5759"
  name = "github.com/cyphar/filepath-securejoin"
  packages = ["."]
  pruneopts = "UT"
  revision = "a261ee33d7a517f054effbf451841abaafe3e0fd"
  version = "v0.2.2"

[[projects]]
  digest = "1:ffe9824d294da03b391f44e1ae8281281b4afc1bdaa9588c9097785e3af10cec"
  name = "github.com/davecgh/go-spew"
  packages = ["spew"]
  pruneopts = "UT"
  revision = "8991bc29aa16c548c550c7ff78260e27b9ab7c73"
  version = "v1.1.1"

[[projects]]
  digest = "1:fc4d459922dde4f3fd492f627890d21b87ee5157414bf6740c6cc91e8cdef88b"
  name = "github.com/docker/distribution"
  packages = [
    ".",
    "digestset",
    "manifest",
    "manifest/schema1",
    "manifest/schema2",
    "reference",
    "registry/api/errcode",
  ]
  pruneopts = "UT"
  revision = "2461543d988979529609e8cb6fca9ca190dc48da"
  version = "v2.7.1"

[[projects]]
  branch = "master"
  digest = "1:1b30abd4a904b0a6e876666a42ee13a89c330299444c7f5c1694886a48566599"
  name = "github.com/docker/docker"
  packages = [
    "api/types/blkiodev",
    "api/types/container",
    "api/types/filters",
    "api/types/mount",
    "api/types/network",
    "api/types/registry",
    "api/types/strslice",
    "api/types/swarm",
    "api/types/swarm/runtime",
    "api/types/versions",
    "errdefs",
    "pkg/archive",
    "pkg/fileutils",
    "pkg/homedir",
    "pkg/idtools",
    "pkg/ioutils",
    "pkg/jsonmessage",
    "pkg/longpath",
    "pkg/mount",
    "pkg/pools",
    "pkg/stdcopy",
    "pkg/system",
    "pkg/term",
    "pkg/term/windows",
  ]
  pruneopts = "UT"
  revision = "3452f136aa680530ca40c03b8f0f9bd19fce056c"

[[projects]]
  digest = "1:ade935c55cd6d0367c843b109b09c9d748b1982952031414740750fdf94747eb"
  name = "github.com/docker/go-connections"
  packages = ["nat"]
  pruneopts = "UT"
  revision = "7395e3f8aa162843a74ed6d48e79627d9792ac55"
  version = "v0.4.0"

[[projects]]
  digest = "1:e95ef557dc3120984bb66b385ae01b4bb8ff56bcde28e7b0d1beed0cccc4d69f"
  name = "github.com/docker/go-units"
  packages = ["."]
  pruneopts = "UT"
  revision = "519db1ee28dcc9fd2474ae59fca29a810482bfb1"
  version = "v0.4.0"

[[projects]]
  branch = "master"
  digest = "1:4841e14252a2cecf11840bd05230412ad469709bbacfc12467e2ce5ad07f339b"
  name = "github.com/docker/libtrust"
  packages = ["."]
  pruneopts = "UT"
  revision = "aabc10ec26b754e797f9028f4589c5b7bd90dc20"

[[projects]]
  digest = "1:434aab943cc1c082c9df36bd4b1f107d9ef4af930d2ce13d3f2eb008df9196f0"
  name = "github.com/flosch/pongo2"
  packages = ["."]
  pruneopts = "UT"
  revision = "5e81b817a0c48c1c57cdf1a9056cf76bdee02ca9"
  version = "v3.0"

[[projects]]
  digest = "1:625e33959bbb2cf22d8f0dd8561c42315de8811d3dc3ef3fb7feabdd79e6c37b"
  name = "github.com/fsouza/go-dockerclient"
  packages = ["."]
  pruneopts = "UT"
  revision = "b047305728a119e0df88f2d5e74c1e4530184990"
  version = "v1.6.0"

[[projects]]
  digest = "1:57ae8919194013fb07b8390fb8a32e700c12fdab96e8dc4bb15d5fe45dc43245"
  name = "github.com/gobuffalo/envy"
  packages = ["."]
  pruneopts = "UT"
  revision = "dc9565002201aca1286f8d6262f5cd568226562a"
  version = "v1.8.1"

[[projects]]
  digest = "1:4be32eaa2aff0bac6ccb3cacd9a84b3bc79c1f8ec00765b03d4a8f5cc542cdaa"
  name = "github.com/gobuffalo/logger"
  packages = ["."]
  pruneopts = "UT"
  revision = "fe10b71a76d5acb502f99cd88d1fd28062906dac"
  version = "v1.0.3"

[[projects]]
  digest = "1:40849e8495ef81a84ff335ef65e23d33671b61e60e9db464fbab55f19f43f120"
  name = "github.com/gobuffalo/packd"
  packages = [
    ".",
    "internal/takeon/github.com/markbates/errx",
  ]
  pruneopts = "UT"
  revision = "54ea459691466cfb630ccc276723fe3963f3e9d5"
  version = "v0.3.0"

[[projects]]
  digest = "1:d9bb9cf750ff72f31e893a47a18ac0c802fa3abcd66befe1422069d67eeba069"
  name = "github.com/gobuffalo/packr"
  packages = [
    "v2",
    "v2/file",
    "v2/file/resolver",
    "v2/file/resolver/encoding/hex",
    "v2/internal/takeon/github.com/karrick/godirwalk",
    "v2/internal/takeon/github.com/markbates/errx",
    "v2/internal/takeon/github.com/markbates/oncer",
    "v2/internal/takeon/github.com/markbates/safe",
    "v2/jam/parser",
    "v2/plog",
  ]
  pruneopts = "UT"
  revision = "4b4a3c432a2e5a17b4f14c971179b40021c67530"
  version = "v2.7.1"

[[projects]]
  digest = "1:e20a9d6598878d629e04541d96076bf232c1ee36f6b267c4a5dae7779f15c36a"
  name = "github.com/gogo/protobuf"
  packages = [
    "gogoproto",
    "proto",
    "protoc-gen-gogo/descriptor",
  ]
  pruneopts = "UT"
  revision = "5628607bb4c51c3157aacc3a50f0ab707582b805"
  version = "v1.3.1"

[[projects]]
  branch = "master"
  digest = "1:b7cb6054d3dff43b38ad2e92492f220f57ae6087ee797dca298139776749ace8"
  name = "github.com/golang/groupcache"
  packages = ["lru"]
  pruneopts = "UT"
  revision = "611e8accdfc92c4187d399e95ce826046d4c8d73"

[[projects]]
  digest = "1:f5ce1529abc1204444ec73779f44f94e2fa8fcdb7aca3c355b0c95947e4005c6"
  name = "github.com/golang/protobuf"
  packages = [
    "proto",
    "ptypes",
    "ptypes/any",
    "ptypes/duration",
    "ptypes/timestamp",
  ]
  pruneopts = "UT"
  revision = "6c65a5562fc06764971b7c5d05c76c75e84bdbf7"
  version = "v1.3.2"

[[projects]]
  digest = "1:e62657cca9badaa308d86e7716083e4c5933bb78e30a17743fc67f50be26f6f4"
  name = "github.com/gorilla/websocket"
  packages = ["."]
  pruneopts = "UT"
  revision = "c3e18be99d19e6b3e8f1559eea2c161a665c4b6b"
  version = "v1.4.1"

[[projects]]
  branch = "master"
  digest = "1:3a6f5387f37b5b1c71db026940c583d68f2a83b38a02fd8c0ff3ccffd5bb75c0"
  name = "github.com/heroku/docker-registry-client"
  packages = ["registry"]
  pruneopts = "UT"
  revision = "afc9e1acc3d53cf9ba26bffb6693d10ebb56a9b8"

[[projects]]
  digest = "1:870d441fe217b8e689d7949fef6e43efbc787e50f200cb1e70dbca9204a1d6be"
  name = "github.com/inconshreveable/mousetrap"
  packages = ["."]
  pruneopts = "UT"
  revision = "76626ae9c91c4f2a10f34cad8ce83ea42c93bb75"
  version = "v1.0"

[[projects]]
  digest = "1:ecd9aa82687cf31d1585d4ac61d0ba180e42e8a6182b85bd785fcca8dfeefc1b"
  name = "github.com/joho/godotenv"
  packages = ["."]
  pruneopts = "UT"
  revision = "23d116af351c84513e1946b527c88823e476be13"
  version = "v1.3.0"

[[projects]]
  digest = "1:b1bcef3a26702bf9eb896d8279197dab96755d5b5667899184a5b5d6a306bb29"
  name = "github.com/klauspost/compress"
  packages = ["flate"]
  pruneopts = "UT"
  revision = "438db640fd672278e44bb9bec0b979358e7e9c76"
  version = "v1.9.4"

[[projects]]
  digest = "1:ce7769e1e6c4180a163da92df483369d689c8849eacfdd24a3cdcbcdc47b8b95"
  name = "github.com/klauspost/pgzip"
  packages = ["."]
  pruneopts = "UT"
  revision = "083b1c3f84dd6486588802e5ce295de3a7f41a8b"
  version = "v1.2.1"

[[projects]]
  digest = "1:31e761d97c76151dde79e9d28964a812c46efc5baee4085b86f68f0c654450de"
  name = "github.com/konsorten/go-windows-terminal-sequences"
  packages = ["."]
  pruneopts = "UT"
  revision = "f55edac94c9bbba5d6182a4be46d86a2c9b5b50e"
  version = "v1.0.2"

[[projects]]
  digest = "1:de6503a6e3bd7c361f33d694153ac64ce4d958752bdb23501c4844cc7c977555"
  name = "github.com/lxc/lxd"
  packages = [
    "shared",
    "shared/api",
    "shared/cancel",
    "shared/ioprogress",
    "shared/logger",
    "shared/osarch",
    "shared/units",
  ]
  pruneopts = "T"
  revision = "633185f2761f8cbdb3318bf09b302feb738377f1"
  version = "lxd-3.17"

[[projects]]
  digest = "1:906eb1ca3c8455e447b99a45237b2b9615b665608fd07ad12cce847dd9a1ec43"
  name = "github.com/morikuni/aec"
  packages = ["."]
  pruneopts = "UT"
  revision = "39771216ff4c63d11f5e604076f9c45e8be1067b"
  version = "v1.0.0"

[[projects]]
  branch = "master"
  digest = "1:8c2e73c0fef9652f56de2f26ddad93747b136d6eba92fd82f318809d14294103"
  name = "github.com/mudler/docker-companion"
  packages = ["api"]
  pruneopts = "UT"
  revision = "b8b364100616cf6e9c40f8944b418dc1ce2e137e"

[[projects]]
  digest = "1:a2a418e8192ead75cfb6f560ddb6bc1b2f8622d6be1e3f2db6ea3e68518731fe"
  name = "github.com/openSUSE/umoci"
  packages = [
    "oci/cas",
    "oci/casext",
    "oci/casext/mediatype",
    "oci/config/convert",
    "oci/config/generate",
    "oci/layer",
    "pkg/fseval",
    "pkg/hardening",
    "pkg/idtools",
    "pkg/system",
    "pkg/testutils",
    "pkg/unpriv",
    "third_party/shared",
    "third_party/user",
  ]
  pruneopts = "NUT"
  revision = "0522274791f1eecee27889f0dfb3b28b54731222"
  version = "v0.4.5"

[[projects]]
  digest = "1:ee4d4af67d93cc7644157882329023ce9a7bcfce956a079069a9405521c7cc8d"
  name = "github.com/opencontainers/go-digest"
  packages = ["."]
  pruneopts = "UT"
  revision = "279bed98673dd5bef374d3b6e4b09e2af76183bf"
  version = "v1.0.0-rc1"

[[projects]]
  digest = "1:11db38d694c130c800d0aefb502fb02519e514dc53d9804ce51d1ad25ec27db6"
  name = "github.com/opencontainers/image-spec"
  packages = [
    "specs-go",
    "specs-go/v1",
  ]
  pruneopts = "UT"
  revision = "d60099175f88c47cd379c4738d158884749ed235"
  version = "v1.0.1"

[[projects]]
  digest = "1:1869683e323ebff2bdf8adcb560f82bf6f8d94019d35099e3403f7df12e9c07e"
  name = "github.com/opencontainers/runc"
  packages = [
    "libcontainer/system",
    "libcontainer/user",
  ]
  pruneopts = "UT"
  revision = "baf6536d6259209c3edfa2b22237af82942d3dfa"
  version = "v0.1.1"

[[projects]]
  digest = "1:9b1faa0a95eb542ac3a4b769a26dd225e368128b9e6ea652fef9eadf8873fe2f"
  name = "github.com/opencontainers/runtime-spec"
  packages = ["specs-go"]
  pruneopts = "UT"
  revision = "5b71a03e2700cbb1091b78849b8748f5e1692650"

[[projects]]
  digest = "1:cf31692c14422fa27c83a05292eb5cbe0fb2775972e8f1f8446a71549bd8980b"
  name = "github.com/pkg/errors"
  packages = ["."]
  pruneopts = "UT"
  revision = "ba968bfe8b2f7e042a574c888954fccecfa385b4"
  version = "v0.8.1"

[[projects]]
  digest = "1:0028cb19b2e4c3112225cd871870f2d9cf49b9b4276531f03438a88e94be86fe"
  name = "github.com/pmezard/go-difflib"
  packages = ["difflib"]
  pruneopts = "UT"
  revision = "792786c7400a136282c1664665ae0a8db921c6c2"
  version = "v1.0.0"

[[projects]]
  digest = "1:e09ada96a5a41deda4748b1659cc8953961799e798aea557257b56baee4ecaf3"
  name = "github.com/rogpeppe/go-internal"
  packages = [
    "modfile",
    "module",
    "semver",
  ]
  pruneopts = "UT"
  revision = "d89504fbbf2c313df24867a5ffafcc9b847961ff"
  version = "v1.5.0"

[[projects]]
  digest = "1:280e6858989f9ef1531e0dcdd9bf911075f788b34ada4d85aeaa2aa4500eb7a4"
  name = "github.com/rootless-containers/proto"
  packages = ["go-proto"]
  pruneopts = "UT"
  revision = "d8f70b1d2a28c9dd158a761f6def220a70360932"
  version = "v0.1.0"

[[projects]]
  digest = "1:b36a0ede02c4c2aef7df7f91cbbb7bb88a98b5d253509d4f997dda526e50c88c"
  name = "github.com/russross/blackfriday"
  packages = ["."]
  pruneopts = "UT"
  revision = "05f3235734ad95d0016f6a23902f06461fcf567a"
  version = "v1.5.2"

[[projects]]
  digest = "1:04457f9f6f3ffc5fea48e71d62f2ca256637dee0a04d710288e27e05c8b41976"
  name = "github.com/sirupsen/logrus"
  packages = ["."]
  pruneopts = "UT"
  revision = "839c75faf7f98a33d445d181f3018b5c3409a45e"
  version = "v1.4.2"

[[projects]]
  digest = "1:e096613fb7cf34743d49af87d197663cfccd61876e2219853005a57baedfa562"
  name = "github.com/spf13/cobra"
  packages = ["."]
  pruneopts = "UT"
  revision = "f2b07da1e2c38d5f12845a4f607e2e1018cbb1f5"
  version = "v0.0.5"

[[projects]]
  digest = "1:1b753ec16506f5864d26a28b43703c58831255059644351bbcb019b843950900"
  name = "github.com/spf13/jwalterweatherman"
  packages = ["."]
  pruneopts = "UT"
  revision = "94f6ae3ed3bceceafa716478c5fbf8d29ca601a1"
  version = "v1.1.0"

[[projects]]
  digest = "1:524b71991fc7d9246cc7dc2d9e0886ccb97648091c63e30eef619e6862c955dd"
  name = "github.com/spf13/pflag"
  packages = ["."]
  pruneopts = "UT"
  revision = "2e9d26c8c37aae03e3f9d4e90b7116f5accb7cab"
  version = "v1.0.5"

[[projects]]
  digest = "1:99d32780e5238c2621fff621123997c3e3cca96db8be13179013aea77dfab551"
  name = "github.com/stretchr/testify"
  packages = [
    "assert",
    "require",
  ]
  pruneopts = "UT"
  revision = "221dbe5ed46703ee255b1da0dec05086f5035f62"
  version = "v1.4.0"

[[projects]]
  digest = "1:1d3ef3dd057d2eb1819e945f88cc83835296c9b7fb13ad3194c937c4e2891fee"
  name = "github.com/urfave/cli"
  packages = ["."]
  pruneopts = "UT"
  revision = "bfe2e925cfb6d44b40ad3a779165ea7e8aff9212"
  version = "v1.22.0"

[[projects]]
  digest = "1:fa69dfa337b0ab7ba53d6e052f649df86b19e3c671b148080cfedb3dae07d97f"
  name = "github.com/vbatts/go-mtree"
  packages = [
    ".",
    "pkg/govis",
    "xattr",
  ]
  pruneopts = "UT"
  revision = "abf4d54fb2f4c6b2541faed79067b42a8dc5e8ad"
  version = "v0.4.4"

[[projects]]
  digest = "1:aed53a5fa03c1270457e331cf8b7e210e3088a2278fec552c5c5d29c1664e161"
  name = "go.opencensus.io"
  packages = [
    ".",
    "internal",
    "trace",
    "trace/internal",
    "trace/tracestate",
  ]
  pruneopts = "UT"
  revision = "aad2c527c5defcf89b5afab7f37274304195a6b2"
  version = "v0.22.2"

[[projects]]
  branch = "master"
  digest = "1:e23302f410aefec00caf872365b0bf86bcf1c016ba4579c37fd02b2d5c06283d"
  name = "golang.org/x/crypto"
  packages = [
    "ripemd160",
    "ssh/terminal",
  ]
  pruneopts = "UT"
  revision = "e9b2fee46413994441b28dfca259d911d963dfed"

[[projects]]
  branch = "master"
  digest = "1:0833127d23119e00953789e2d05e4800a38a512c5e58e20196cee7d24cedf785"
  name = "golang.org/x/net"
  packages = [
    "context",
    "html",
    "html/atom",
    "html/charset",
  ]
  pruneopts = "UT"
  revision = "c0dbc17a35534bf2e581d7a942408dc936316da4"

[[projects]]
  branch = "master"
  digest = "1:b521f10a2d8fa85c04a8ef4e62f2d1e14d303599a55d64dabf9f5a02f84d35eb"
  name = "golang.org/x/sync"
  packages = ["errgroup"]
  pruneopts = "UT"
  revision = "cd5d95a43a6e21273425c7ae415d3df9ea832eeb"

[[projects]]
  branch = "master"
  digest = "1:472d3f5adc36e1c0b9120bc3830d692a090134aa5461335f39caabd0fdb7feac"
  name = "golang.org/x/sys"
  packages = [
    "unix",
    "windows",
  ]
  pruneopts = "UT"
  revision = "ac6580df4449443a05718fd7858c1f91ad5f8d20"

[[projects]]
  digest = "1:8a0baffd5559acaa560f854d7d525c02f4fec2d4f8a214398556fb661a10f6e0"
  name = "golang.org/x/text"
  packages = [
    "encoding",
    "encoding/charmap",
    "encoding/htmlindex",
    "encoding/internal",
    "encoding/internal/identifier",
    "encoding/japanese",
    "encoding/korean",
    "encoding/simplifiedchinese",
    "encoding/traditionalchinese",
    "encoding/unicode",
    "internal/gen",
    "internal/language",
    "internal/language/compact",
    "internal/tag",
    "internal/utf8internal",
    "language",
    "runes",
    "transform",
    "unicode/cldr",
  ]
  pruneopts = "UT"
  revision = "342b2e1fbaa52c93f31447ad2c6abc048c63e475"
  version = "v0.3.2"

[[projects]]
  branch = "master"
  digest = "1:583a0c80f5e3a9343d33aea4aead1e1afcc0043db66fdf961ddd1fe8cd3a4faf"
  name = "google.golang.org/genproto"
  packages = ["googleapis/rpc/status"]
  pruneopts = "UT"
  revision = "0243a4be9c8f1264d238fdc2895620b4d9baf9e1"

[[projects]]
  digest = "1:3ebdd54f2f0de99e5888b72ef16b22896ee5032c7cb313489e4bf3dfcd980467"
  name = "google.golang.org/grpc"
  packages = [
    "codes",
    "connectivity",
    "grpclog",
    "internal",
    "status",
  ]
  pruneopts = "UT"
  revision = "1a3960e4bd028ac0cec0a2afd27d7d8e67c11514"
  version = "v1.25.1"

[[projects]]
  digest = "1:f5ccb31cd5fc212365b598352d709682921356e0d4cdd0532f304178b268f1df"
  name = "gopkg.in/antchfx/htmlquery.v1"
  packages = ["."]
  pruneopts = "UT"
  revision = "3a91c86e0ffea2c4d5baeedb871cc8de68c0c74e"
  version = "v1.2.0"

[[projects]]
  digest = "1:434aab943cc1c082c9df36bd4b1f107d9ef4af930d2ce13d3f2eb008df9196f0"
  name = "gopkg.in/flosch/pongo2.v3"
  packages = ["."]
  pruneopts = "UT"
  revision = "5e81b817a0c48c1c57cdf1a9056cf76bdee02ca9"
  version = "v3.0"

[[projects]]
  branch = "v2"
  digest = "1:e8c48aa61ea272e211858e52979ad4d114c60bfe6900d12431ac697482100b0a"
  name = "gopkg.in/robfig/cron.v2"
  packages = ["."]
  pruneopts = "UT"
  revision = "be2e0b0deed5a68ffee390b4583a13aff8321535"

[[projects]]
  digest = "1:b75b3deb2bce8bc079e16bb2aecfe01eb80098f5650f9e93e5643ca8b7b73737"
  name = "gopkg.in/yaml.v2"
  packages = ["."]
  pruneopts = "UT"
  revision = "1f64d6156d11335c3f22d9330b0ad14fc1e789ce"
  version = "v2.2.7"

[solve-meta]
  analyzer-name = "dep"
  analyzer-version = 1
  input-imports = [
    "github.com/gobuffalo/packr/v2",
    "github.com/lxc/lxd/shared",
    "github.com/lxc/lxd/shared/api",
    "github.com/lxc/lxd/shared/ioprogress",
    "github.com/lxc/lxd/shared/osarch",
    "github.com/mudler/docker-companion/api",
    "github.com/spf13/cobra",
    "github.com/stretchr/testify/require",
    "golang.org/x/sys/unix",
    "gopkg.in/antchfx/htmlquery.v1",
    "gopkg.in/flosch/pongo2.v3",
    "gopkg.in/yaml.v2",
  ]
  solver-name = "gps-cdcl"
  solver-version = 1
